
Microsoft Visual Studio Solution File, Format Version 12.00
# Visual Studio Version 16
VisualStudioVersion = 16.0.29424.173
MinimumVisualStudioVersion = 10.0.40219.1
Project("{FAE04EC0-301F-11D3-BF4B-00C04F79EFBC}") = "HalloWinforms", "HalloWinforms\HalloWinforms.csproj", "{278A1379-D4F0-4581-BD5F-C6FFDA333D10}"
EndProject
Global
	GlobalSection(SolutionConfigurationPlatforms) = preSolution
		Debug|Any CPU = Debug|Any CPU
		Release|Any CPU = Release|Any CPU
	EndGlobalSection
	GlobalSection(ProjectConfigurationPlatforms) = postSolution
		{278A1379-D4F0-4581-BD5F-C6FFDA333D10}.Debug|Any CPU.ActiveCfg = Debug|Any CPU
		{278A1379-D4F0-4581-BD5F-C6FFDA333D10}.Debug|Any CPU.Build.0 = Debug|Any CPU
		{278A1379-D4F0-4581-BD5F-C6FFDA333D10}.Release|Any CPU.ActiveCfg = Release|Any CPU
		{278A1379-D4F0-4581-BD5F-C6FFDA333D10}.Release|Any CPU.Build.0 = Release|Any CPU
	EndGlobalSection
	GlobalSection(SolutionProperties) = preSolution
		HideSolutionNode = FALSE
	EndGlobalSection
	GlobalSection(ExtensibilityGlobals) = postSolution
		SolutionGuid = {6C477C85-880B-480C-8D44-9A1709F9ABD6}
	EndGlobalSection
EndGlobal
